
Microsoft Visual Studio Solution File, Format Version 12.00
# Visual Studio Version 16
VisualStudioVersion = 16.0.31729.503
MinimumVisualStudioVersion = 10.0.40219.1
Project("{FAE04EC0-301F-11D3-BF4B-00C04F79EFBC}") = "VerifyCode", "VerifyCode\VerifyCode.csproj", "{EA03607D-60D4-4205-8D9D-0D22316DB314}"
EndProject
Global
	GlobalSection(SolutionConfigurationPlatforms) = preSolution
		Debug|Any CPU = Debug|Any CPU
		Release|Any CPU = Release|Any CPU
	EndGlobalSection
	GlobalSection(ProjectConfigurationPlatforms) = postSolution
		{EA03607D-60D4-4205-8D9D-0D22316DB314}.Debug|Any CPU.ActiveCfg = Debug|Any CPU
		{EA03607D-60D4-4205-8D9D-0D22316DB314}.Debug|Any CPU.Build.0 = Debug|Any CPU
		{EA03607D-60D4-4205-8D9D-0D22316DB314}.Release|Any CPU.ActiveCfg = Release|Any CPU
		{EA03607D-60D4-4205-8D9D-0D22316DB314}.Release|Any CPU.Build.0 = Release|Any CPU
	EndGlobalSection
	GlobalSection(SolutionProperties) = preSolution
		HideSolutionNode = FALSE
	EndGlobalSection
	GlobalSection(ExtensibilityGlobals) = postSolution
		SolutionGuid = {ACC7BFCA-617C-4271-8FD9-B570710C8362}
	EndGlobalSection
EndGlobal
